// !$*UTF8*$!
{
	archiveVersion = 1;
	classes = {
	};
	objectVersion = 46;
	objects = {

/* Begin PBXBuildFile section */
		522BFCE51D4BC74A0028624E /* main.m in Sources */ = {isa = PBXBuildFile; fileRef = 522BFCE41D4BC74A0028624E /* main.m */; };
		522BFCE81D4BC74A0028624E /* AppDelegate.m in Sources */ = {isa = PBXBuildFile; fileRef = 522BFCE71D4BC74A0028624E /* AppDelegate.m */; };
		522BFCEB1D4BC74A0028624E /* ViewController.m in Sources */ = {isa = PBXBuildFile; fileRef = 522BFCEA1D4BC74A0028624E /* ViewController.m */; };
		522BFCEE1D4BC74A0028624E /* Main.storyboard in Resources */ = {isa = PBXBuildFile; fileRef = 522BFCEC1D4BC74A0028624E /* Main.storyboard */; };
		522BFCF31D4BC74A0028624E /* Assets.xcassets in Resources */ = {isa = PBXBuildFile; fileRef = 522BFCF21D4BC74A0028624E /* Assets.xcassets */; };
		522BFCF61D4BC74A0028624E /* LaunchScreen.storyboard in Resources */ = {isa = PBXBuildFile; fileRef = 522BFCF41D4BC74A0028624E /* LaunchScreen.storyboard */; };
<<<<<<< HEAD
		522BFCFF1D4BD5B40028624E /* MyLibraryViewController.m in Sources */ = {isa = PBXBuildFile; fileRef = 522BFCFE1D4BD5B40028624E /* MyLibraryViewController.m */; };
		522BFD051D4BD9F90028624E /* SearchViewController.m in Sources */ = {isa = PBXBuildFile; fileRef = 522BFD041D4BD9F90028624E /* SearchViewController.m */; };
		522BFD081D4BE4550028624E /* MyLibraryDetailedViewController.m in Sources */ = {isa = PBXBuildFile; fileRef = 522BFD071D4BE4550028624E /* MyLibraryDetailedViewController.m */; };
=======
		CEEC408A1D4BCC02004B4E9D /* Model.xcdatamodeld in Sources */ = {isa = PBXBuildFile; fileRef = CEEC40881D4BCC02004B4E9D /* Model.xcdatamodeld */; };
		CEF168501D4BCFF700EF6361 /* DAO.m in Sources */ = {isa = PBXBuildFile; fileRef = CEF1684F1D4BCFF700EF6361 /* DAO.m */; };
		CEF1688F1D4C0CE100EF6361 /* Book+CoreDataProperties.m in Sources */ = {isa = PBXBuildFile; fileRef = CEF168881D4C0CE100EF6361 /* Book+CoreDataProperties.m */; };
		CEF168901D4C0CE100EF6361 /* Book.m in Sources */ = {isa = PBXBuildFile; fileRef = CEF1688A1D4C0CE100EF6361 /* Book.m */; };
		CEF168911D4C0CE100EF6361 /* User+CoreDataProperties.m in Sources */ = {isa = PBXBuildFile; fileRef = CEF1688C1D4C0CE100EF6361 /* User+CoreDataProperties.m */; };
		CEF168921D4C0CE100EF6361 /* User.m in Sources */ = {isa = PBXBuildFile; fileRef = CEF1688E1D4C0CE100EF6361 /* User.m */; };
>>>>>>> 30e03307c28bf46f2dbbe0fd8d3e312682a48a1b
/* End PBXBuildFile section */

/* Begin PBXFileReference section */
		522BFCE01D4BC74A0028624E /* Spacebook.app */ = {isa = PBXFileReference; explicitFileType = wrapper.application; includeInIndex = 0; path = Spacebook.app; sourceTree = BUILT_PRODUCTS_DIR; };
		522BFCE41D4BC74A0028624E /* main.m */ = {isa = PBXFileReference; lastKnownFileType = sourcecode.c.objc; path = main.m; sourceTree = "<group>"; };
		522BFCE61D4BC74A0028624E /* AppDelegate.h */ = {isa = PBXFileReference; lastKnownFileType = sourcecode.c.h; path = AppDelegate.h; sourceTree = "<group>"; };
		522BFCE71D4BC74A0028624E /* AppDelegate.m */ = {isa = PBXFileReference; lastKnownFileType = sourcecode.c.objc; path = AppDelegate.m; sourceTree = "<group>"; };
		522BFCE91D4BC74A0028624E /* ViewController.h */ = {isa = PBXFileReference; lastKnownFileType = sourcecode.c.h; path = ViewController.h; sourceTree = "<group>"; };
		522BFCEA1D4BC74A0028624E /* ViewController.m */ = {isa = PBXFileReference; lastKnownFileType = sourcecode.c.objc; path = ViewController.m; sourceTree = "<group>"; };
		522BFCED1D4BC74A0028624E /* Base */ = {isa = PBXFileReference; lastKnownFileType = file.storyboard; name = Base; path = Base.lproj/Main.storyboard; sourceTree = "<group>"; };
		522BFCF21D4BC74A0028624E /* Assets.xcassets */ = {isa = PBXFileReference; lastKnownFileType = folder.assetcatalog; path = Assets.xcassets; sourceTree = "<group>"; };
		522BFCF51D4BC74A0028624E /* Base */ = {isa = PBXFileReference; lastKnownFileType = file.storyboard; name = Base; path = Base.lproj/LaunchScreen.storyboard; sourceTree = "<group>"; };
		522BFCF71D4BC74A0028624E /* Info.plist */ = {isa = PBXFileReference; lastKnownFileType = text.plist.xml; path = Info.plist; sourceTree = "<group>"; };
<<<<<<< HEAD
		522BFCFD1D4BD5B40028624E /* MyLibraryViewController.h */ = {isa = PBXFileReference; fileEncoding = 4; lastKnownFileType = sourcecode.c.h; path = MyLibraryViewController.h; sourceTree = "<group>"; };
		522BFCFE1D4BD5B40028624E /* MyLibraryViewController.m */ = {isa = PBXFileReference; fileEncoding = 4; lastKnownFileType = sourcecode.c.objc; path = MyLibraryViewController.m; sourceTree = "<group>"; };
		522BFD031D4BD9F90028624E /* SearchViewController.h */ = {isa = PBXFileReference; fileEncoding = 4; lastKnownFileType = sourcecode.c.h; name = SearchViewController.h; path = ../SearchViewController.h; sourceTree = "<group>"; };
		522BFD041D4BD9F90028624E /* SearchViewController.m */ = {isa = PBXFileReference; fileEncoding = 4; lastKnownFileType = sourcecode.c.objc; name = SearchViewController.m; path = ../SearchViewController.m; sourceTree = "<group>"; };
		522BFD061D4BE4550028624E /* MyLibraryDetailedViewController.h */ = {isa = PBXFileReference; fileEncoding = 4; lastKnownFileType = sourcecode.c.h; path = MyLibraryDetailedViewController.h; sourceTree = "<group>"; };
		522BFD071D4BE4550028624E /* MyLibraryDetailedViewController.m */ = {isa = PBXFileReference; fileEncoding = 4; lastKnownFileType = sourcecode.c.objc; path = MyLibraryDetailedViewController.m; sourceTree = "<group>"; };
=======
		CEEC40891D4BCC02004B4E9D /* Model.xcdatamodel */ = {isa = PBXFileReference; lastKnownFileType = wrapper.xcdatamodel; path = Model.xcdatamodel; sourceTree = "<group>"; };
		CEF1684E1D4BCFF700EF6361 /* DAO.h */ = {isa = PBXFileReference; fileEncoding = 4; lastKnownFileType = sourcecode.c.h; path = DAO.h; sourceTree = "<group>"; };
		CEF1684F1D4BCFF700EF6361 /* DAO.m */ = {isa = PBXFileReference; fileEncoding = 4; lastKnownFileType = sourcecode.c.objc; path = DAO.m; sourceTree = "<group>"; };
		CEF168871D4C0CE100EF6361 /* Book+CoreDataProperties.h */ = {isa = PBXFileReference; fileEncoding = 4; lastKnownFileType = sourcecode.c.h; path = "Book+CoreDataProperties.h"; sourceTree = "<group>"; };
		CEF168881D4C0CE100EF6361 /* Book+CoreDataProperties.m */ = {isa = PBXFileReference; fileEncoding = 4; lastKnownFileType = sourcecode.c.objc; path = "Book+CoreDataProperties.m"; sourceTree = "<group>"; };
		CEF168891D4C0CE100EF6361 /* Book.h */ = {isa = PBXFileReference; fileEncoding = 4; lastKnownFileType = sourcecode.c.h; path = Book.h; sourceTree = "<group>"; };
		CEF1688A1D4C0CE100EF6361 /* Book.m */ = {isa = PBXFileReference; fileEncoding = 4; lastKnownFileType = sourcecode.c.objc; path = Book.m; sourceTree = "<group>"; };
		CEF1688B1D4C0CE100EF6361 /* User+CoreDataProperties.h */ = {isa = PBXFileReference; fileEncoding = 4; lastKnownFileType = sourcecode.c.h; path = "User+CoreDataProperties.h"; sourceTree = "<group>"; };
		CEF1688C1D4C0CE100EF6361 /* User+CoreDataProperties.m */ = {isa = PBXFileReference; fileEncoding = 4; lastKnownFileType = sourcecode.c.objc; path = "User+CoreDataProperties.m"; sourceTree = "<group>"; };
		CEF1688D1D4C0CE100EF6361 /* User.h */ = {isa = PBXFileReference; fileEncoding = 4; lastKnownFileType = sourcecode.c.h; path = User.h; sourceTree = "<group>"; };
		CEF1688E1D4C0CE100EF6361 /* User.m */ = {isa = PBXFileReference; fileEncoding = 4; lastKnownFileType = sourcecode.c.objc; path = User.m; sourceTree = "<group>"; };
>>>>>>> 30e03307c28bf46f2dbbe0fd8d3e312682a48a1b
/* End PBXFileReference section */

/* Begin PBXFrameworksBuildPhase section */
		522BFCDD1D4BC74A0028624E /* Frameworks */ = {
			isa = PBXFrameworksBuildPhase;
			buildActionMask = 2147483647;
			files = (
			);
			runOnlyForDeploymentPostprocessing = 0;
		};
/* End PBXFrameworksBuildPhase section */

/* Begin PBXGroup section */
		522BFCD71D4BC74A0028624E = {
			isa = PBXGroup;
			children = (
				CEF1684D1D4BCFC300EF6361 /* DAO */,
				CEEC40AF1D4BCE72004B4E9D /* CoreData */,
				522BFCE21D4BC74A0028624E /* Spacebook */,
				522BFCE11D4BC74A0028624E /* Products */,
			);
			sourceTree = "<group>";
		};
		522BFCE11D4BC74A0028624E /* Products */ = {
			isa = PBXGroup;
			children = (
				522BFCE01D4BC74A0028624E /* Spacebook.app */,
			);
			name = Products;
			sourceTree = "<group>";
		};
		522BFCE21D4BC74A0028624E /* Spacebook */ = {
			isa = PBXGroup;
			children = (
				522BFCE61D4BC74A0028624E /* AppDelegate.h */,
				522BFCE71D4BC74A0028624E /* AppDelegate.m */,
				522BFCE91D4BC74A0028624E /* ViewController.h */,
				522BFCEA1D4BC74A0028624E /* ViewController.m */,
				522BFCFD1D4BD5B40028624E /* MyLibraryViewController.h */,
				522BFCFE1D4BD5B40028624E /* MyLibraryViewController.m */,
				522BFD061D4BE4550028624E /* MyLibraryDetailedViewController.h */,
				522BFD071D4BE4550028624E /* MyLibraryDetailedViewController.m */,
				522BFD031D4BD9F90028624E /* SearchViewController.h */,
				522BFD041D4BD9F90028624E /* SearchViewController.m */,
				522BFCEC1D4BC74A0028624E /* Main.storyboard */,
				522BFCF21D4BC74A0028624E /* Assets.xcassets */,
				522BFCF41D4BC74A0028624E /* LaunchScreen.storyboard */,
				522BFCF71D4BC74A0028624E /* Info.plist */,
				522BFCE31D4BC74A0028624E /* Supporting Files */,
			);
			path = Spacebook;
			sourceTree = "<group>";
		};
		522BFCE31D4BC74A0028624E /* Supporting Files */ = {
			isa = PBXGroup;
			children = (
				522BFCE41D4BC74A0028624E /* main.m */,
			);
			name = "Supporting Files";
			sourceTree = "<group>";
		};
		CEEC40AF1D4BCE72004B4E9D /* CoreData */ = {
			isa = PBXGroup;
			children = (
				CEEC40881D4BCC02004B4E9D /* Model.xcdatamodeld */,
				CEF168871D4C0CE100EF6361 /* Book+CoreDataProperties.h */,
				CEF168881D4C0CE100EF6361 /* Book+CoreDataProperties.m */,
				CEF168891D4C0CE100EF6361 /* Book.h */,
				CEF1688A1D4C0CE100EF6361 /* Book.m */,
				CEF1688B1D4C0CE100EF6361 /* User+CoreDataProperties.h */,
				CEF1688C1D4C0CE100EF6361 /* User+CoreDataProperties.m */,
				CEF1688D1D4C0CE100EF6361 /* User.h */,
				CEF1688E1D4C0CE100EF6361 /* User.m */,
			);
			name = CoreData;
			sourceTree = "<group>";
		};
		CEF1684D1D4BCFC300EF6361 /* DAO */ = {
			isa = PBXGroup;
			children = (
				CEF1684E1D4BCFF700EF6361 /* DAO.h */,
				CEF1684F1D4BCFF700EF6361 /* DAO.m */,
			);
			name = DAO;
			sourceTree = "<group>";
		};
/* End PBXGroup section */

/* Begin PBXNativeTarget section */
		522BFCDF1D4BC74A0028624E /* Spacebook */ = {
			isa = PBXNativeTarget;
			buildConfigurationList = 522BFCFA1D4BC74A0028624E /* Build configuration list for PBXNativeTarget "Spacebook" */;
			buildPhases = (
				522BFCDC1D4BC74A0028624E /* Sources */,
				522BFCDD1D4BC74A0028624E /* Frameworks */,
				522BFCDE1D4BC74A0028624E /* Resources */,
			);
			buildRules = (
			);
			dependencies = (
			);
			name = Spacebook;
			productName = Spacebook;
			productReference = 522BFCE01D4BC74A0028624E /* Spacebook.app */;
			productType = "com.apple.product-type.application";
		};
/* End PBXNativeTarget section */

/* Begin PBXProject section */
		522BFCD81D4BC74A0028624E /* Project object */ = {
			isa = PBXProject;
			attributes = {
				LastUpgradeCheck = 0730;
				ORGANIZATIONNAME = "William Possidento";
				TargetAttributes = {
					522BFCDF1D4BC74A0028624E = {
						CreatedOnToolsVersion = 7.3.1;
					};
				};
			};
			buildConfigurationList = 522BFCDB1D4BC74A0028624E /* Build configuration list for PBXProject "Spacebook" */;
			compatibilityVersion = "Xcode 3.2";
			developmentRegion = English;
			hasScannedForEncodings = 0;
			knownRegions = (
				en,
				Base,
			);
			mainGroup = 522BFCD71D4BC74A0028624E;
			productRefGroup = 522BFCE11D4BC74A0028624E /* Products */;
			projectDirPath = "";
			projectRoot = "";
			targets = (
				522BFCDF1D4BC74A0028624E /* Spacebook */,
			);
		};
/* End PBXProject section */

/* Begin PBXResourcesBuildPhase section */
		522BFCDE1D4BC74A0028624E /* Resources */ = {
			isa = PBXResourcesBuildPhase;
			buildActionMask = 2147483647;
			files = (
				522BFCF61D4BC74A0028624E /* LaunchScreen.storyboard in Resources */,
				522BFCF31D4BC74A0028624E /* Assets.xcassets in Resources */,
				522BFCEE1D4BC74A0028624E /* Main.storyboard in Resources */,
			);
			runOnlyForDeploymentPostprocessing = 0;
		};
/* End PBXResourcesBuildPhase section */

/* Begin PBXSourcesBuildPhase section */
		522BFCDC1D4BC74A0028624E /* Sources */ = {
			isa = PBXSourcesBuildPhase;
			buildActionMask = 2147483647;
			files = (
<<<<<<< HEAD
				522BFD081D4BE4550028624E /* MyLibraryDetailedViewController.m in Sources */,
				522BFCEB1D4BC74A0028624E /* ViewController.m in Sources */,
				522BFCFF1D4BD5B40028624E /* MyLibraryViewController.m in Sources */,
				522BFCF11D4BC74A0028624E /* Spacebook.xcdatamodeld in Sources */,
				522BFCE81D4BC74A0028624E /* AppDelegate.m in Sources */,
				522BFD051D4BD9F90028624E /* SearchViewController.m in Sources */,
=======
				CEF168501D4BCFF700EF6361 /* DAO.m in Sources */,
				522BFCEB1D4BC74A0028624E /* ViewController.m in Sources */,
				CEF168921D4C0CE100EF6361 /* User.m in Sources */,
				CEF1688F1D4C0CE100EF6361 /* Book+CoreDataProperties.m in Sources */,
				CEEC408A1D4BCC02004B4E9D /* Model.xcdatamodeld in Sources */,
				522BFCE81D4BC74A0028624E /* AppDelegate.m in Sources */,
				CEF168901D4C0CE100EF6361 /* Book.m in Sources */,
				CEF168911D4C0CE100EF6361 /* User+CoreDataProperties.m in Sources */,
>>>>>>> 30e03307c28bf46f2dbbe0fd8d3e312682a48a1b
				522BFCE51D4BC74A0028624E /* main.m in Sources */,
			);
			runOnlyForDeploymentPostprocessing = 0;
		};
/* End PBXSourcesBuildPhase section */

/* Begin PBXVariantGroup section */
		522BFCEC1D4BC74A0028624E /* Main.storyboard */ = {
			isa = PBXVariantGroup;
			children = (
				522BFCED1D4BC74A0028624E /* Base */,
			);
			name = Main.storyboard;
			sourceTree = "<group>";
		};
		522BFCF41D4BC74A0028624E /* LaunchScreen.storyboard */ = {
			isa = PBXVariantGroup;
			children = (
				522BFCF51D4BC74A0028624E /* Base */,
			);
			name = LaunchScreen.storyboard;
			sourceTree = "<group>";
		};
/* End PBXVariantGroup section */

/* Begin XCBuildConfiguration section */
		522BFCF81D4BC74A0028624E /* Debug */ = {
			isa = XCBuildConfiguration;
			buildSettings = {
				ALWAYS_SEARCH_USER_PATHS = NO;
				CLANG_ANALYZER_NONNULL = YES;
				CLANG_CXX_LANGUAGE_STANDARD = "gnu++0x";
				CLANG_CXX_LIBRARY = "libc++";
				CLANG_ENABLE_MODULES = YES;
				CLANG_ENABLE_OBJC_ARC = YES;
				CLANG_WARN_BOOL_CONVERSION = YES;
				CLANG_WARN_CONSTANT_CONVERSION = YES;
				CLANG_WARN_DIRECT_OBJC_ISA_USAGE = YES_ERROR;
				CLANG_WARN_EMPTY_BODY = YES;
				CLANG_WARN_ENUM_CONVERSION = YES;
				CLANG_WARN_INT_CONVERSION = YES;
				CLANG_WARN_OBJC_ROOT_CLASS = YES_ERROR;
				CLANG_WARN_UNREACHABLE_CODE = YES;
				CLANG_WARN__DUPLICATE_METHOD_MATCH = YES;
				"CODE_SIGN_IDENTITY[sdk=iphoneos*]" = "iPhone Developer";
				COPY_PHASE_STRIP = NO;
				DEBUG_INFORMATION_FORMAT = dwarf;
				ENABLE_STRICT_OBJC_MSGSEND = YES;
				ENABLE_TESTABILITY = YES;
				GCC_C_LANGUAGE_STANDARD = gnu99;
				GCC_DYNAMIC_NO_PIC = NO;
				GCC_NO_COMMON_BLOCKS = YES;
				GCC_OPTIMIZATION_LEVEL = 0;
				GCC_PREPROCESSOR_DEFINITIONS = (
					"DEBUG=1",
					"$(inherited)",
				);
				GCC_WARN_64_TO_32_BIT_CONVERSION = YES;
				GCC_WARN_ABOUT_RETURN_TYPE = YES_ERROR;
				GCC_WARN_UNDECLARED_SELECTOR = YES;
				GCC_WARN_UNINITIALIZED_AUTOS = YES_AGGRESSIVE;
				GCC_WARN_UNUSED_FUNCTION = YES;
				GCC_WARN_UNUSED_VARIABLE = YES;
				IPHONEOS_DEPLOYMENT_TARGET = 9.3;
				MTL_ENABLE_DEBUG_INFO = YES;
				ONLY_ACTIVE_ARCH = YES;
				SDKROOT = iphoneos;
				TARGETED_DEVICE_FAMILY = "1,2";
			};
			name = Debug;
		};
		522BFCF91D4BC74A0028624E /* Release */ = {
			isa = XCBuildConfiguration;
			buildSettings = {
				ALWAYS_SEARCH_USER_PATHS = NO;
				CLANG_ANALYZER_NONNULL = YES;
				CLANG_CXX_LANGUAGE_STANDARD = "gnu++0x";
				CLANG_CXX_LIBRARY = "libc++";
				CLANG_ENABLE_MODULES = YES;
				CLANG_ENABLE_OBJC_ARC = YES;
				CLANG_WARN_BOOL_CONVERSION = YES;
				CLANG_WARN_CONSTANT_CONVERSION = YES;
				CLANG_WARN_DIRECT_OBJC_ISA_USAGE = YES_ERROR;
				CLANG_WARN_EMPTY_BODY = YES;
				CLANG_WARN_ENUM_CONVERSION = YES;
				CLANG_WARN_INT_CONVERSION = YES;
				CLANG_WARN_OBJC_ROOT_CLASS = YES_ERROR;
				CLANG_WARN_UNREACHABLE_CODE = YES;
				CLANG_WARN__DUPLICATE_METHOD_MATCH = YES;
				"CODE_SIGN_IDENTITY[sdk=iphoneos*]" = "iPhone Developer";
				COPY_PHASE_STRIP = NO;
				DEBUG_INFORMATION_FORMAT = "dwarf-with-dsym";
				ENABLE_NS_ASSERTIONS = NO;
				ENABLE_STRICT_OBJC_MSGSEND = YES;
				GCC_C_LANGUAGE_STANDARD = gnu99;
				GCC_NO_COMMON_BLOCKS = YES;
				GCC_WARN_64_TO_32_BIT_CONVERSION = YES;
				GCC_WARN_ABOUT_RETURN_TYPE = YES_ERROR;
				GCC_WARN_UNDECLARED_SELECTOR = YES;
				GCC_WARN_UNINITIALIZED_AUTOS = YES_AGGRESSIVE;
				GCC_WARN_UNUSED_FUNCTION = YES;
				GCC_WARN_UNUSED_VARIABLE = YES;
				IPHONEOS_DEPLOYMENT_TARGET = 9.3;
				MTL_ENABLE_DEBUG_INFO = NO;
				SDKROOT = iphoneos;
				TARGETED_DEVICE_FAMILY = "1,2";
				VALIDATE_PRODUCT = YES;
			};
			name = Release;
		};
		522BFCFB1D4BC74A0028624E /* Debug */ = {
			isa = XCBuildConfiguration;
			buildSettings = {
				ASSETCATALOG_COMPILER_APPICON_NAME = AppIcon;
				INFOPLIST_FILE = Spacebook/Info.plist;
				LD_RUNPATH_SEARCH_PATHS = "$(inherited) @executable_path/Frameworks";
				PRODUCT_BUNDLE_IDENTIFIER = com.WilliamP.Spacebook;
				PRODUCT_NAME = "$(TARGET_NAME)";
			};
			name = Debug;
		};
		522BFCFC1D4BC74A0028624E /* Release */ = {
			isa = XCBuildConfiguration;
			buildSettings = {
				ASSETCATALOG_COMPILER_APPICON_NAME = AppIcon;
				INFOPLIST_FILE = Spacebook/Info.plist;
				LD_RUNPATH_SEARCH_PATHS = "$(inherited) @executable_path/Frameworks";
				PRODUCT_BUNDLE_IDENTIFIER = com.WilliamP.Spacebook;
				PRODUCT_NAME = "$(TARGET_NAME)";
			};
			name = Release;
		};
/* End XCBuildConfiguration section */

/* Begin XCConfigurationList section */
		522BFCDB1D4BC74A0028624E /* Build configuration list for PBXProject "Spacebook" */ = {
			isa = XCConfigurationList;
			buildConfigurations = (
				522BFCF81D4BC74A0028624E /* Debug */,
				522BFCF91D4BC74A0028624E /* Release */,
			);
			defaultConfigurationIsVisible = 0;
			defaultConfigurationName = Release;
		};
		522BFCFA1D4BC74A0028624E /* Build configuration list for PBXNativeTarget "Spacebook" */ = {
			isa = XCConfigurationList;
			buildConfigurations = (
				522BFCFB1D4BC74A0028624E /* Debug */,
				522BFCFC1D4BC74A0028624E /* Release */,
			);
			defaultConfigurationIsVisible = 0;
			defaultConfigurationName = Release;
		};
/* End XCConfigurationList section */

/* Begin XCVersionGroup section */
		CEEC40881D4BCC02004B4E9D /* Model.xcdatamodeld */ = {
			isa = XCVersionGroup;
			children = (
				CEEC40891D4BCC02004B4E9D /* Model.xcdatamodel */,
			);
			currentVersion = CEEC40891D4BCC02004B4E9D /* Model.xcdatamodel */;
			path = Model.xcdatamodeld;
			sourceTree = "<group>";
			versionGroupType = wrapper.xcdatamodel;
		};
/* End XCVersionGroup section */
	};
	rootObject = 522BFCD81D4BC74A0028624E /* Project object */;
}
